
Microsoft Visual Studio Solution File, Format Version 12.00
# Visual Studio Version 16
VisualStudioVersion = 16.0.31729.503
MinimumVisualStudioVersion = 10.0.40219.1
Project("{FAE04EC0-301F-11D3-BF4B-00C04F79EFBC}") = "Atividade_2", "Atividade_2\Atividade_2.csproj", "{A9F732A3-C08E-4A6A-942E-8A26B49AD120}"
EndProject
Global
	GlobalSection(SolutionConfigurationPlatforms) = preSolution
		Debug|Any CPU = Debug|Any CPU
		Release|Any CPU = Release|Any CPU
	EndGlobalSection
	GlobalSection(ProjectConfigurationPlatforms) = postSolution
		{A9F732A3-C08E-4A6A-942E-8A26B49AD120}.Debug|Any CPU.ActiveCfg = Debug|Any CPU
		{A9F732A3-C08E-4A6A-942E-8A26B49AD120}.Debug|Any CPU.Build.0 = Debug|Any CPU
		{A9F732A3-C08E-4A6A-942E-8A26B49AD120}.Release|Any CPU.ActiveCfg = Release|Any CPU
		{A9F732A3-C08E-4A6A-942E-8A26B49AD120}.Release|Any CPU.Build.0 = Release|Any CPU
	EndGlobalSection
	GlobalSection(SolutionProperties) = preSolution
		HideSolutionNode = FALSE
	EndGlobalSection
	GlobalSection(ExtensibilityGlobals) = postSolution
		SolutionGuid = {375DC021-754F-47A6-9AF1-D7630BC718FE}
	EndGlobalSection
EndGlobal
